
Microsoft Visual Studio Solution File, Format Version 12.00
# Visual Studio Version 17
VisualStudioVersion = 17.12.35514.174 d17.12
MinimumVisualStudioVersion = 10.0.40219.1
Project("{FAE04EC0-301F-11D3-BF4B-00C04F79EFBC}") = "Übungsaufgabe Vererbung", "Übungsaufgabe Vererbung\Übungsaufgabe Vererbung.csproj", "{C8778DB7-5882-47E4-8FE9-FAB6FE082169}"
EndProject
Project("{FAE04EC0-301F-11D3-BF4B-00C04F79EFBC}") = "Übungsaufgabe Polymorphie", "Übungsaufgabe Polymorphie\Übungsaufgabe Polymorphie.csproj", "{E74746B7-4ED8-4E1C-B690-636392DD06E5}"
EndProject
Project("{FAE04EC0-301F-11D3-BF4B-00C04F79EFBC}") = "Typumwandlung von Objektvariablen", "Typumwandlung von Objektvariablen\Typumwandlung von Objektvariablen.csproj", "{E2788E1E-1ED4-4CE7-B35D-69A494444FD7}"
EndProject
Project("{FAE04EC0-301F-11D3-BF4B-00C04F79EFBC}") = "Handling Exceptions", "Handling Exceptions\Handling Exceptions.csproj", "{5C478B68-9230-47DA-98EC-226B5C52F444}"
EndProject
Project("{FAE04EC0-301F-11D3-BF4B-00C04F79EFBC}") = "Buchhaltungssoftware", "Buchhaltungssoftware\Buchhaltungssoftware.csproj", "{5C2F1C4F-19DE-4052-B8AF-FBEC6295A89A}"
EndProject
Project("{2150E333-8FDC-42A3-9474-1A3956D46DE8}") = "2.Lehrjahr", "2.Lehrjahr", "{6C0794D8-B8A5-497F-8DCA-153BAF27DCB9}"
EndProject
Project("{2150E333-8FDC-42A3-9474-1A3956D46DE8}") = "3.Lehrjahr", "3.Lehrjahr", "{8E9736EC-6D2B-47CB-B9EA-0A192622585E}"
EndProject
Project("{2150E333-8FDC-42A3-9474-1A3956D46DE8}") = "1.Lehrjahr", "1.Lehrjahr", "{624CE3B1-E34B-4EE9-B203-5DC2120D5F03}"
EndProject
Project("{FAE04EC0-301F-11D3-BF4B-00C04F79EFBC}") = "(Un)Gerade", "..\..\C#\(Un)Gerade\(Un)Gerade\(Un)Gerade.csproj", "{E389AFC3-F31E-414F-87B8-0B1238A33D7F}"
EndProject
Project("{FAE04EC0-301F-11D3-BF4B-00C04F79EFBC}") = "Bis Weihnachten", "..\..\C#\Bis Weihnachten\Bis Weihnachten\Bis Weihnachten.csproj", "{98916AE1-A49F-405A-AC93-86C4893B01B6}"
EndProject
Project("{FAE04EC0-301F-11D3-BF4B-00C04F79EFBC}") = "Einheiten Umrechnen", "..\..\C#\Einheiten Umrechnen\Einheiten Umrechnen\Einheiten Umrechnen.csproj", "{03662E19-5B50-44E3-8974-17649147D363}"
EndProject
Project("{FAE04EC0-301F-11D3-BF4B-00C04F79EFBC}") = "EVA Prinzip BMI", "..\..\C#\EVA Prinzip BMI\EVA Prinzip BMI\EVA Prinzip BMI.csproj", "{753630E9-D1C9-4D3C-A800-E7CFD2EF4170}"
EndProject
Project("{FAE04EC0-301F-11D3-BF4B-00C04F79EFBC}") = "Fitnessstudio", "..\..\C#\Fitnessstudio\Fitnessstudio\Fitnessstudio.csproj", "{E23D79CD-5CE7-4EFA-9EFF-F7161418F496}"
EndProject
Project("{FAE04EC0-301F-11D3-BF4B-00C04F79EFBC}") = "Gesamtbetrag der Bestellung", "..\..\C#\Gesamtbetrag der Bestellung\Gesamtbetrag der Bestellung\Gesamtbetrag der Bestellung.csproj", "{F78E24CF-CC46-4980-8FAB-6D8BF5FDACDF}"
EndProject
Project("{FAE04EC0-301F-11D3-BF4B-00C04F79EFBC}") = "Getränkeautomat", "..\..\C#\Getränkeautomat\Getränkeautomat\Getränkeautomat.csproj", "{54412B1E-A30E-405A-AEA4-8DA8B16E952A}"
EndProject
Project("{FAE04EC0-301F-11D3-BF4B-00C04F79EFBC}") = "GymTraining", "..\..\C#\GymTraining\GymTraining\GymTraining.csproj", "{3A887354-9DD8-45D1-95AB-BE6E8323F1B5}"
EndProject
Project("{FAE04EC0-301F-11D3-BF4B-00C04F79EFBC}") = "HelloWorld", "..\..\C#\HelloWorld\HelloWorld\HelloWorld.csproj", "{CC3F9ABC-EF67-4CE0-A051-9AA08AA6D8BC}"
EndProject
Project("{FAE04EC0-301F-11D3-BF4B-00C04F79EFBC}") = "Grad(Jacke)", "..\..\C#\If funktionen\If funktionen\Grad(Jacke).csproj", "{EB724B69-306D-43E8-AE35-8D0ADE82CD09}"
EndProject
Project("{FAE04EC0-301F-11D3-BF4B-00C04F79EFBC}") = "Mindestabstand Autobahn", "..\..\C#\Mindestabstand Autobahn\Mindestabstand Autobahn\Mindestabstand Autobahn.csproj", "{9DB3D22E-3AC4-464C-9F96-27B6964AD2DE}"
EndProject
Project("{FAE04EC0-301F-11D3-BF4B-00C04F79EFBC}") = "Quartal", "..\..\C#\Quartal\Quartal\Quartal.csproj", "{E13A07A1-AAFE-40BD-9CFD-6A2E58BC9FA2}"
EndProject
Project("{FAE04EC0-301F-11D3-BF4B-00C04F79EFBC}") = "Rechner", "..\..\C#\Rechner\Rechner\Rechner.csproj", "{988C2FF2-9453-4C91-B45E-C78E25EED14D}"
EndProject
Project("{FAE04EC0-301F-11D3-BF4B-00C04F79EFBC}") = "Schrittzähler", "..\..\C#\Schrittzähler\Schrittzähler\Schrittzähler.csproj", "{D3522416-9225-423E-AF7A-9810BFE3F144}"
EndProject
Project("{FAE04EC0-301F-11D3-BF4B-00C04F79EFBC}") = "Übung Gehaltserhöhung", "..\..\C#\Übung Gehaltserhöhung\Übung Gehaltserhöhung\Übung Gehaltserhöhung.csproj", "{1D6F89B4-08CC-4082-A4A1-FEAE72D8DF50}"
EndProject
Global
	GlobalSection(SolutionConfigurationPlatforms) = preSolution
		Debug|Any CPU = Debug|Any CPU
		Release|Any CPU = Release|Any CPU
	EndGlobalSection
	GlobalSection(ProjectConfigurationPlatforms) = postSolution
		{C8778DB7-5882-47E4-8FE9-FAB6FE082169}.Debug|Any CPU.ActiveCfg = Debug|Any CPU
		{C8778DB7-5882-47E4-8FE9-FAB6FE082169}.Debug|Any CPU.Build.0 = Debug|Any CPU
		{C8778DB7-5882-47E4-8FE9-FAB6FE082169}.Release|Any CPU.ActiveCfg = Release|Any CPU
		{C8778DB7-5882-47E4-8FE9-FAB6FE082169}.Release|Any CPU.Build.0 = Release|Any CPU
		{E74746B7-4ED8-4E1C-B690-636392DD06E5}.Debug|Any CPU.ActiveCfg = Debug|Any CPU
		{E74746B7-4ED8-4E1C-B690-636392DD06E5}.Debug|Any CPU.Build.0 = Debug|Any CPU
		{E74746B7-4ED8-4E1C-B690-636392DD06E5}.Release|Any CPU.ActiveCfg = Release|Any CPU
		{E74746B7-4ED8-4E1C-B690-636392DD06E5}.Release|Any CPU.Build.0 = Release|Any CPU
		{E2788E1E-1ED4-4CE7-B35D-69A494444FD7}.Debug|Any CPU.ActiveCfg = Debug|Any CPU
		{E2788E1E-1ED4-4CE7-B35D-69A494444FD7}.Debug|Any CPU.Build.0 = Debug|Any CPU
		{E2788E1E-1ED4-4CE7-B35D-69A494444FD7}.Release|Any CPU.ActiveCfg = Release|Any CPU
		{E2788E1E-1ED4-4CE7-B35D-69A494444FD7}.Release|Any CPU.Build.0 = Release|Any CPU
		{5C478B68-9230-47DA-98EC-226B5C52F444}.Debug|Any CPU.ActiveCfg = Debug|Any CPU
		{5C478B68-9230-47DA-98EC-226B5C52F444}.Debug|Any CPU.Build.0 = Debug|Any CPU
		{5C478B68-9230-47DA-98EC-226B5C52F444}.Release|Any CPU.ActiveCfg = Release|Any CPU
		{5C478B68-9230-47DA-98EC-226B5C52F444}.Release|Any CPU.Build.0 = Release|Any CPU
		{5C2F1C4F-19DE-4052-B8AF-FBEC6295A89A}.Debug|Any CPU.ActiveCfg = Debug|Any CPU
		{5C2F1C4F-19DE-4052-B8AF-FBEC6295A89A}.Debug|Any CPU.Build.0 = Debug|Any CPU
		{5C2F1C4F-19DE-4052-B8AF-FBEC6295A89A}.Release|Any CPU.ActiveCfg = Release|Any CPU
		{5C2F1C4F-19DE-4052-B8AF-FBEC6295A89A}.Release|Any CPU.Build.0 = Release|Any CPU
		{E389AFC3-F31E-414F-87B8-0B1238A33D7F}.Debug|Any CPU.ActiveCfg = Debug|Any CPU
		{E389AFC3-F31E-414F-87B8-0B1238A33D7F}.Debug|Any CPU.Build.0 = Debug|Any CPU
		{E389AFC3-F31E-414F-87B8-0B1238A33D7F}.Release|Any CPU.ActiveCfg = Release|Any CPU
		{E389AFC3-F31E-414F-87B8-0B1238A33D7F}.Release|Any CPU.Build.0 = Release|Any CPU
		{98916AE1-A49F-405A-AC93-86C4893B01B6}.Debug|Any CPU.ActiveCfg = Debug|Any CPU
		{98916AE1-A49F-405A-AC93-86C4893B01B6}.Debug|Any CPU.Build.0 = Debug|Any CPU
		{98916AE1-A49F-405A-AC93-86C4893B01B6}.Release|Any CPU.ActiveCfg = Release|Any CPU
		{98916AE1-A49F-405A-AC93-86C4893B01B6}.Release|Any CPU.Build.0 = Release|Any CPU
		{03662E19-5B50-44E3-8974-17649147D363}.Debug|Any CPU.ActiveCfg = Debug|Any CPU
		{03662E19-5B50-44E3-8974-17649147D363}.Debug|Any CPU.Build.0 = Debug|Any CPU
		{03662E19-5B50-44E3-8974-17649147D363}.Release|Any CPU.ActiveCfg = Release|Any CPU
		{03662E19-5B50-44E3-8974-17649147D363}.Release|Any CPU.Build.0 = Release|Any CPU
		{753630E9-D1C9-4D3C-A800-E7CFD2EF4170}.Debug|Any CPU.ActiveCfg = Debug|Any CPU
		{753630E9-D1C9-4D3C-A800-E7CFD2EF4170}.Debug|Any CPU.Build.0 = Debug|Any CPU
		{753630E9-D1C9-4D3C-A800-E7CFD2EF4170}.Release|Any CPU.ActiveCfg = Release|Any CPU
		{753630E9-D1C9-4D3C-A800-E7CFD2EF4170}.Release|Any CPU.Build.0 = Release|Any CPU
		{E23D79CD-5CE7-4EFA-9EFF-F7161418F496}.Debug|Any CPU.ActiveCfg = Debug|Any CPU
		{E23D79CD-5CE7-4EFA-9EFF-F7161418F496}.Debug|Any CPU.Build.0 = Debug|Any CPU
		{E23D79CD-5CE7-4EFA-9EFF-F7161418F496}.Release|Any CPU.ActiveCfg = Release|Any CPU
		{E23D79CD-5CE7-4EFA-9EFF-F7161418F496}.Release|Any CPU.Build.0 = Release|Any CPU
		{F78E24CF-CC46-4980-8FAB-6D8BF5FDACDF}.Debug|Any CPU.ActiveCfg = Debug|Any CPU
		{F78E24CF-CC46-4980-8FAB-6D8BF5FDACDF}.Debug|Any CPU.Build.0 = Debug|Any CPU
		{F78E24CF-CC46-4980-8FAB-6D8BF5FDACDF}.Release|Any CPU.ActiveCfg = Release|Any CPU
		{F78E24CF-CC46-4980-8FAB-6D8BF5FDACDF}.Release|Any CPU.Build.0 = Release|Any CPU
		{54412B1E-A30E-405A-AEA4-8DA8B16E952A}.Debug|Any CPU.ActiveCfg = Debug|Any CPU
		{54412B1E-A30E-405A-AEA4-8DA8B16E952A}.Debug|Any CPU.Build.0 = Debug|Any CPU
		{54412B1E-A30E-405A-AEA4-8DA8B16E952A}.Release|Any CPU.ActiveCfg = Release|Any CPU
		{54412B1E-A30E-405A-AEA4-8DA8B16E952A}.Release|Any CPU.Build.0 = Release|Any CPU
		{3A887354-9DD8-45D1-95AB-BE6E8323F1B5}.Debug|Any CPU.ActiveCfg = Debug|Any CPU
		{3A887354-9DD8-45D1-95AB-BE6E8323F1B5}.Debug|Any CPU.Build.0 = Debug|Any CPU
		{3A887354-9DD8-45D1-95AB-BE6E8323F1B5}.Release|Any CPU.ActiveCfg = Release|Any CPU
		{3A887354-9DD8-45D1-95AB-BE6E8323F1B5}.Release|Any CPU.Build.0 = Release|Any CPU
		{CC3F9ABC-EF67-4CE0-A051-9AA08AA6D8BC}.Debug|Any CPU.ActiveCfg = Debug|Any CPU
		{CC3F9ABC-EF67-4CE0-A051-9AA08AA6D8BC}.Debug|Any CPU.Build.0 = Debug|Any CPU
		{CC3F9ABC-EF67-4CE0-A051-9AA08AA6D8BC}.Release|Any CPU.ActiveCfg = Release|Any CPU
		{CC3F9ABC-EF67-4CE0-A051-9AA08AA6D8BC}.Release|Any CPU.Build.0 = Release|Any CPU
		{EB724B69-306D-43E8-AE35-8D0ADE82CD09}.Debug|Any CPU.ActiveCfg = Debug|Any CPU
		{EB724B69-306D-43E8-AE35-8D0ADE82CD09}.Debug|Any CPU.Build.0 = Debug|Any CPU
		{EB724B69-306D-43E8-AE35-8D0ADE82CD09}.Release|Any CPU.ActiveCfg = Release|Any CPU
		{EB724B69-306D-43E8-AE35-8D0ADE82CD09}.Release|Any CPU.Build.0 = Release|Any CPU
		{9DB3D22E-3AC4-464C-9F96-27B6964AD2DE}.Debug|Any CPU.ActiveCfg = Debug|Any CPU
		{9DB3D22E-3AC4-464C-9F96-27B6964AD2DE}.Debug|Any CPU.Build.0 = Debug|Any CPU
		{9DB3D22E-3AC4-464C-9F96-27B6964AD2DE}.Release|Any CPU.ActiveCfg = Release|Any CPU
		{9DB3D22E-3AC4-464C-9F96-27B6964AD2DE}.Release|Any CPU.Build.0 = Release|Any CPU
		{E13A07A1-AAFE-40BD-9CFD-6A2E58BC9FA2}.Debug|Any CPU.ActiveCfg = Debug|Any CPU
		{E13A07A1-AAFE-40BD-9CFD-6A2E58BC9FA2}.Debug|Any CPU.Build.0 = Debug|Any CPU
		{E13A07A1-AAFE-40BD-9CFD-6A2E58BC9FA2}.Release|Any CPU.ActiveCfg = Release|Any CPU
		{E13A07A1-AAFE-40BD-9CFD-6A2E58BC9FA2}.Release|Any CPU.Build.0 = Release|Any CPU
		{988C2FF2-9453-4C91-B45E-C78E25EED14D}.Debug|Any CPU.ActiveCfg = Debug|Any CPU
		{988C2FF2-9453-4C91-B45E-C78E25EED14D}.Debug|Any CPU.Build.0 = Debug|Any CPU
		{988C2FF2-9453-4C91-B45E-C78E25EED14D}.Release|Any CPU.ActiveCfg = Release|Any CPU
		{988C2FF2-9453-4C91-B45E-C78E25EED14D}.Release|Any CPU.Build.0 = Release|Any CPU
		{D3522416-9225-423E-AF7A-9810BFE3F144}.Debug|Any CPU.ActiveCfg = Debug|Any CPU
		{D3522416-9225-423E-AF7A-9810BFE3F144}.Debug|Any CPU.Build.0 = Debug|Any CPU
		{D3522416-9225-423E-AF7A-9810BFE3F144}.Release|Any CPU.ActiveCfg = Release|Any CPU
		{D3522416-9225-423E-AF7A-9810BFE3F144}.Release|Any CPU.Build.0 = Release|Any CPU
		{1D6F89B4-08CC-4082-A4A1-FEAE72D8DF50}.Debug|Any CPU.ActiveCfg = Debug|Any CPU
		{1D6F89B4-08CC-4082-A4A1-FEAE72D8DF50}.Debug|Any CPU.Build.0 = Debug|Any CPU
		{1D6F89B4-08CC-4082-A4A1-FEAE72D8DF50}.Release|Any CPU.ActiveCfg = Release|Any CPU
		{1D6F89B4-08CC-4082-A4A1-FEAE72D8DF50}.Release|Any CPU.Build.0 = Release|Any CPU
	EndGlobalSection
	GlobalSection(SolutionProperties) = preSolution
		HideSolutionNode = FALSE
	EndGlobalSection
	GlobalSection(NestedProjects) = preSolution
		{C8778DB7-5882-47E4-8FE9-FAB6FE082169} = {6C0794D8-B8A5-497F-8DCA-153BAF27DCB9}
		{E74746B7-4ED8-4E1C-B690-636392DD06E5} = {6C0794D8-B8A5-497F-8DCA-153BAF27DCB9}
		{E2788E1E-1ED4-4CE7-B35D-69A494444FD7} = {6C0794D8-B8A5-497F-8DCA-153BAF27DCB9}
		{5C478B68-9230-47DA-98EC-226B5C52F444} = {6C0794D8-B8A5-497F-8DCA-153BAF27DCB9}
		{5C2F1C4F-19DE-4052-B8AF-FBEC6295A89A} = {6C0794D8-B8A5-497F-8DCA-153BAF27DCB9}
		{E389AFC3-F31E-414F-87B8-0B1238A33D7F} = {624CE3B1-E34B-4EE9-B203-5DC2120D5F03}
		{98916AE1-A49F-405A-AC93-86C4893B01B6} = {624CE3B1-E34B-4EE9-B203-5DC2120D5F03}
		{03662E19-5B50-44E3-8974-17649147D363} = {624CE3B1-E34B-4EE9-B203-5DC2120D5F03}
		{753630E9-D1C9-4D3C-A800-E7CFD2EF4170} = {624CE3B1-E34B-4EE9-B203-5DC2120D5F03}
		{E23D79CD-5CE7-4EFA-9EFF-F7161418F496} = {624CE3B1-E34B-4EE9-B203-5DC2120D5F03}
		{F78E24CF-CC46-4980-8FAB-6D8BF5FDACDF} = {624CE3B1-E34B-4EE9-B203-5DC2120D5F03}
		{54412B1E-A30E-405A-AEA4-8DA8B16E952A} = {624CE3B1-E34B-4EE9-B203-5DC2120D5F03}
		{3A887354-9DD8-45D1-95AB-BE6E8323F1B5} = {624CE3B1-E34B-4EE9-B203-5DC2120D5F03}
		{CC3F9ABC-EF67-4CE0-A051-9AA08AA6D8BC} = {624CE3B1-E34B-4EE9-B203-5DC2120D5F03}
		{EB724B69-306D-43E8-AE35-8D0ADE82CD09} = {624CE3B1-E34B-4EE9-B203-5DC2120D5F03}
		{9DB3D22E-3AC4-464C-9F96-27B6964AD2DE} = {624CE3B1-E34B-4EE9-B203-5DC2120D5F03}
		{E13A07A1-AAFE-40BD-9CFD-6A2E58BC9FA2} = {624CE3B1-E34B-4EE9-B203-5DC2120D5F03}
		{988C2FF2-9453-4C91-B45E-C78E25EED14D} = {624CE3B1-E34B-4EE9-B203-5DC2120D5F03}
		{D3522416-9225-423E-AF7A-9810BFE3F144} = {624CE3B1-E34B-4EE9-B203-5DC2120D5F03}
		{1D6F89B4-08CC-4082-A4A1-FEAE72D8DF50} = {624CE3B1-E34B-4EE9-B203-5DC2120D5F03}
	EndGlobalSection
EndGlobal
