
Microsoft Visual Studio Solution File, Format Version 12.00
# Visual Studio Version 17
VisualStudioVersion = 17.12.35514.174
MinimumVisualStudioVersion = 10.0.40219.1
Project("{FAE04EC0-301F-11D3-BF4B-00C04F79EFBC}") = "Übungsaufgabe Vererbung", "Übungsaufgabe Vererbung\Übungsaufgabe Vererbung.csproj", "{C8778DB7-5882-47E4-8FE9-FAB6FE082169}"
EndProject
Project("{FAE04EC0-301F-11D3-BF4B-00C04F79EFBC}") = "Übungsaufgabe Polymorphie", "Übungsaufgabe Polymorphie\Übungsaufgabe Polymorphie.csproj", "{E74746B7-4ED8-4E1C-B690-636392DD06E5}"
EndProject
Project("{FAE04EC0-301F-11D3-BF4B-00C04F79EFBC}") = "Typumwandlung von Objektvariablen", "Typumwandlung von Objektvariablen\Typumwandlung von Objektvariablen.csproj", "{E2788E1E-1ED4-4CE7-B35D-69A494444FD7}"
EndProject
Project("{FAE04EC0-301F-11D3-BF4B-00C04F79EFBC}") = "Handling Exceptions", "Handling Exceptions\Handling Exceptions.csproj", "{5C478B68-9230-47DA-98EC-226B5C52F444}"
EndProject
Project("{FAE04EC0-301F-11D3-BF4B-00C04F79EFBC}") = "Buchhaltungssoftware", "Buchhaltungssoftware\Buchhaltungssoftware.csproj", "{5C2F1C4F-19DE-4052-B8AF-FBEC6295A89A}"
EndProject
Project("{2150E333-8FDC-42A3-9474-1A3956D46DE8}") = "2.Lehrjahr", "2.Lehrjahr", "{6C0794D8-B8A5-497F-8DCA-153BAF27DCB9}"
EndProject
Project("{2150E333-8FDC-42A3-9474-1A3956D46DE8}") = "3.Lehrjahr", "3.Lehrjahr", "{8E9736EC-6D2B-47CB-B9EA-0A192622585E}"
EndProject
Project("{2150E333-8FDC-42A3-9474-1A3956D46DE8}") = "1.Lehrjahr", "1.Lehrjahr", "{F6A48940-963D-46B1-B06D-3C40BE0AA3DA}"
EndProject
Project("{FAE04EC0-301F-11D3-BF4B-00C04F79EFBC}") = "(Un)Gerade", "C#\(Un)Gerade\(Un)Gerade\(Un)Gerade.csproj", "{E9015ED0-C6F5-48A9-AF5A-5CBDE5F45EF2}"
EndProject
Project("{FAE04EC0-301F-11D3-BF4B-00C04F79EFBC}") = "Bis Weihnachten", "C#\Bis Weihnachten\Bis Weihnachten\Bis Weihnachten.csproj", "{34EC4DC8-A0D1-46DB-841C-A6640F1997E6}"
EndProject
Project("{FAE04EC0-301F-11D3-BF4B-00C04F79EFBC}") = "Einheiten Umrechnen", "C#\Einheiten Umrechnen\Einheiten Umrechnen\Einheiten Umrechnen.csproj", "{3131A74C-D8CF-4FE0-AD19-2C5DCFB6F43F}"
EndProject
Project("{FAE04EC0-301F-11D3-BF4B-00C04F79EFBC}") = "EVA Prinzip BMI", "C#\EVA Prinzip BMI\EVA Prinzip BMI\EVA Prinzip BMI.csproj", "{21706E00-8CA4-42AE-B209-339ECB49948C}"
EndProject
Project("{FAE04EC0-301F-11D3-BF4B-00C04F79EFBC}") = "Fitnessstudio", "C#\Fitnessstudio\Fitnessstudio\Fitnessstudio.csproj", "{F3C254DC-EB0D-4551-B0B0-A6BB8F434D5B}"
EndProject
Project("{FAE04EC0-301F-11D3-BF4B-00C04F79EFBC}") = "Gesamtbetrag der Bestellung", "C#\Gesamtbetrag der Bestellung\Gesamtbetrag der Bestellung\Gesamtbetrag der Bestellung.csproj", "{D6A15089-6D97-4A1C-8E26-454EBE5C4C74}"
EndProject
Project("{FAE04EC0-301F-11D3-BF4B-00C04F79EFBC}") = "Getränkeautomat", "C#\Getränkeautomat\Getränkeautomat\Getränkeautomat.csproj", "{034AD0DE-92DF-4749-8639-2740EA94AA49}"
EndProject
Project("{FAE04EC0-301F-11D3-BF4B-00C04F79EFBC}") = "GymTraining", "C#\GymTraining\GymTraining\GymTraining.csproj", "{11320D2F-06EC-4A26-8432-88E68FBE9AA1}"
EndProject
Project("{FAE04EC0-301F-11D3-BF4B-00C04F79EFBC}") = "HelloWorld", "C#\HelloWorld\HelloWorld\HelloWorld.csproj", "{72D9D5D8-7B76-454E-B3BD-B317B2782619}"
EndProject
Project("{FAE04EC0-301F-11D3-BF4B-00C04F79EFBC}") = "Grad(Jacke)", "C#\If funktionen\If funktionen\Grad(Jacke).csproj", "{1BBEF254-000F-4886-A2EF-AE9E0CF311B4}"
EndProject
Project("{FAE04EC0-301F-11D3-BF4B-00C04F79EFBC}") = "Mindestabstand Autobahn", "C#\Mindestabstand Autobahn\Mindestabstand Autobahn\Mindestabstand Autobahn.csproj", "{5C796CF1-71B6-480C-8E00-A48B4B5E39A7}"
EndProject
Project("{FAE04EC0-301F-11D3-BF4B-00C04F79EFBC}") = "Quartal", "C#\Quartal\Quartal\Quartal.csproj", "{D0ABF49E-DC55-4F43-91C2-D90B1E0D4540}"
EndProject
Project("{FAE04EC0-301F-11D3-BF4B-00C04F79EFBC}") = "Rechner", "C#\Rechner\Rechner\Rechner.csproj", "{B858EBF2-67BC-4A72-B653-DE489D39B162}"
EndProject
Project("{FAE04EC0-301F-11D3-BF4B-00C04F79EFBC}") = "Schrittzähler", "C#\Schrittzähler\Schrittzähler\Schrittzähler.csproj", "{CC99E34B-0A6C-48CD-A894-AD0B16E2C718}"
EndProject
Project("{FAE04EC0-301F-11D3-BF4B-00C04F79EFBC}") = "Übung Gehaltserhöhung", "C#\Übung Gehaltserhöhung\Übung Gehaltserhöhung\Übung Gehaltserhöhung.csproj", "{6E3C3E44-578C-4D3A-8129-F5F7495E4FA2}"
EndProject
Global
	GlobalSection(SolutionConfigurationPlatforms) = preSolution
		Debug|Any CPU = Debug|Any CPU
		Release|Any CPU = Release|Any CPU
	EndGlobalSection
	GlobalSection(ProjectConfigurationPlatforms) = postSolution
		{C8778DB7-5882-47E4-8FE9-FAB6FE082169}.Debug|Any CPU.ActiveCfg = Debug|Any CPU
		{C8778DB7-5882-47E4-8FE9-FAB6FE082169}.Debug|Any CPU.Build.0 = Debug|Any CPU
		{C8778DB7-5882-47E4-8FE9-FAB6FE082169}.Release|Any CPU.ActiveCfg = Release|Any CPU
		{C8778DB7-5882-47E4-8FE9-FAB6FE082169}.Release|Any CPU.Build.0 = Release|Any CPU
		{E74746B7-4ED8-4E1C-B690-636392DD06E5}.Debug|Any CPU.ActiveCfg = Debug|Any CPU
		{E74746B7-4ED8-4E1C-B690-636392DD06E5}.Debug|Any CPU.Build.0 = Debug|Any CPU
		{E74746B7-4ED8-4E1C-B690-636392DD06E5}.Release|Any CPU.ActiveCfg = Release|Any CPU
		{E74746B7-4ED8-4E1C-B690-636392DD06E5}.Release|Any CPU.Build.0 = Release|Any CPU
		{E2788E1E-1ED4-4CE7-B35D-69A494444FD7}.Debug|Any CPU.ActiveCfg = Debug|Any CPU
		{E2788E1E-1ED4-4CE7-B35D-69A494444FD7}.Debug|Any CPU.Build.0 = Debug|Any CPU
		{E2788E1E-1ED4-4CE7-B35D-69A494444FD7}.Release|Any CPU.ActiveCfg = Release|Any CPU
		{E2788E1E-1ED4-4CE7-B35D-69A494444FD7}.Release|Any CPU.Build.0 = Release|Any CPU
		{5C478B68-9230-47DA-98EC-226B5C52F444}.Debug|Any CPU.ActiveCfg = Debug|Any CPU
		{5C478B68-9230-47DA-98EC-226B5C52F444}.Debug|Any CPU.Build.0 = Debug|Any CPU
		{5C478B68-9230-47DA-98EC-226B5C52F444}.Release|Any CPU.ActiveCfg = Release|Any CPU
		{5C478B68-9230-47DA-98EC-226B5C52F444}.Release|Any CPU.Build.0 = Release|Any CPU
		{5C2F1C4F-19DE-4052-B8AF-FBEC6295A89A}.Debug|Any CPU.ActiveCfg = Debug|Any CPU
		{5C2F1C4F-19DE-4052-B8AF-FBEC6295A89A}.Debug|Any CPU.Build.0 = Debug|Any CPU
		{5C2F1C4F-19DE-4052-B8AF-FBEC6295A89A}.Release|Any CPU.ActiveCfg = Release|Any CPU
		{5C2F1C4F-19DE-4052-B8AF-FBEC6295A89A}.Release|Any CPU.Build.0 = Release|Any CPU
		{E9015ED0-C6F5-48A9-AF5A-5CBDE5F45EF2}.Debug|Any CPU.ActiveCfg = Debug|Any CPU
		{E9015ED0-C6F5-48A9-AF5A-5CBDE5F45EF2}.Debug|Any CPU.Build.0 = Debug|Any CPU
		{E9015ED0-C6F5-48A9-AF5A-5CBDE5F45EF2}.Release|Any CPU.ActiveCfg = Release|Any CPU
		{E9015ED0-C6F5-48A9-AF5A-5CBDE5F45EF2}.Release|Any CPU.Build.0 = Release|Any CPU
		{34EC4DC8-A0D1-46DB-841C-A6640F1997E6}.Debug|Any CPU.ActiveCfg = Debug|Any CPU
		{34EC4DC8-A0D1-46DB-841C-A6640F1997E6}.Debug|Any CPU.Build.0 = Debug|Any CPU
		{34EC4DC8-A0D1-46DB-841C-A6640F1997E6}.Release|Any CPU.ActiveCfg = Release|Any CPU
		{34EC4DC8-A0D1-46DB-841C-A6640F1997E6}.Release|Any CPU.Build.0 = Release|Any CPU
		{3131A74C-D8CF-4FE0-AD19-2C5DCFB6F43F}.Debug|Any CPU.ActiveCfg = Debug|Any CPU
		{3131A74C-D8CF-4FE0-AD19-2C5DCFB6F43F}.Debug|Any CPU.Build.0 = Debug|Any CPU
		{3131A74C-D8CF-4FE0-AD19-2C5DCFB6F43F}.Release|Any CPU.ActiveCfg = Release|Any CPU
		{3131A74C-D8CF-4FE0-AD19-2C5DCFB6F43F}.Release|Any CPU.Build.0 = Release|Any CPU
		{21706E00-8CA4-42AE-B209-339ECB49948C}.Debug|Any CPU.ActiveCfg = Debug|Any CPU
		{21706E00-8CA4-42AE-B209-339ECB49948C}.Debug|Any CPU.Build.0 = Debug|Any CPU
		{21706E00-8CA4-42AE-B209-339ECB49948C}.Release|Any CPU.ActiveCfg = Release|Any CPU
		{21706E00-8CA4-42AE-B209-339ECB49948C}.Release|Any CPU.Build.0 = Release|Any CPU
		{F3C254DC-EB0D-4551-B0B0-A6BB8F434D5B}.Debug|Any CPU.ActiveCfg = Debug|Any CPU
		{F3C254DC-EB0D-4551-B0B0-A6BB8F434D5B}.Debug|Any CPU.Build.0 = Debug|Any CPU
		{F3C254DC-EB0D-4551-B0B0-A6BB8F434D5B}.Release|Any CPU.ActiveCfg = Release|Any CPU
		{F3C254DC-EB0D-4551-B0B0-A6BB8F434D5B}.Release|Any CPU.Build.0 = Release|Any CPU
		{D6A15089-6D97-4A1C-8E26-454EBE5C4C74}.Debug|Any CPU.ActiveCfg = Debug|Any CPU
		{D6A15089-6D97-4A1C-8E26-454EBE5C4C74}.Debug|Any CPU.Build.0 = Debug|Any CPU
		{D6A15089-6D97-4A1C-8E26-454EBE5C4C74}.Release|Any CPU.ActiveCfg = Release|Any CPU
		{D6A15089-6D97-4A1C-8E26-454EBE5C4C74}.Release|Any CPU.Build.0 = Release|Any CPU
		{034AD0DE-92DF-4749-8639-2740EA94AA49}.Debug|Any CPU.ActiveCfg = Debug|Any CPU
		{034AD0DE-92DF-4749-8639-2740EA94AA49}.Debug|Any CPU.Build.0 = Debug|Any CPU
		{034AD0DE-92DF-4749-8639-2740EA94AA49}.Release|Any CPU.ActiveCfg = Release|Any CPU
		{034AD0DE-92DF-4749-8639-2740EA94AA49}.Release|Any CPU.Build.0 = Release|Any CPU
		{11320D2F-06EC-4A26-8432-88E68FBE9AA1}.Debug|Any CPU.ActiveCfg = Debug|Any CPU
		{11320D2F-06EC-4A26-8432-88E68FBE9AA1}.Debug|Any CPU.Build.0 = Debug|Any CPU
		{11320D2F-06EC-4A26-8432-88E68FBE9AA1}.Release|Any CPU.ActiveCfg = Release|Any CPU
		{11320D2F-06EC-4A26-8432-88E68FBE9AA1}.Release|Any CPU.Build.0 = Release|Any CPU
		{72D9D5D8-7B76-454E-B3BD-B317B2782619}.Debug|Any CPU.ActiveCfg = Debug|Any CPU
		{72D9D5D8-7B76-454E-B3BD-B317B2782619}.Debug|Any CPU.Build.0 = Debug|Any CPU
		{72D9D5D8-7B76-454E-B3BD-B317B2782619}.Release|Any CPU.ActiveCfg = Release|Any CPU
		{72D9D5D8-7B76-454E-B3BD-B317B2782619}.Release|Any CPU.Build.0 = Release|Any CPU
		{1BBEF254-000F-4886-A2EF-AE9E0CF311B4}.Debug|Any CPU.ActiveCfg = Debug|Any CPU
		{1BBEF254-000F-4886-A2EF-AE9E0CF311B4}.Debug|Any CPU.Build.0 = Debug|Any CPU
		{1BBEF254-000F-4886-A2EF-AE9E0CF311B4}.Release|Any CPU.ActiveCfg = Release|Any CPU
		{1BBEF254-000F-4886-A2EF-AE9E0CF311B4}.Release|Any CPU.Build.0 = Release|Any CPU
		{5C796CF1-71B6-480C-8E00-A48B4B5E39A7}.Debug|Any CPU.ActiveCfg = Debug|Any CPU
		{5C796CF1-71B6-480C-8E00-A48B4B5E39A7}.Debug|Any CPU.Build.0 = Debug|Any CPU
		{5C796CF1-71B6-480C-8E00-A48B4B5E39A7}.Release|Any CPU.ActiveCfg = Release|Any CPU
		{5C796CF1-71B6-480C-8E00-A48B4B5E39A7}.Release|Any CPU.Build.0 = Release|Any CPU
		{D0ABF49E-DC55-4F43-91C2-D90B1E0D4540}.Debug|Any CPU.ActiveCfg = Debug|Any CPU
		{D0ABF49E-DC55-4F43-91C2-D90B1E0D4540}.Debug|Any CPU.Build.0 = Debug|Any CPU
		{D0ABF49E-DC55-4F43-91C2-D90B1E0D4540}.Release|Any CPU.ActiveCfg = Release|Any CPU
		{D0ABF49E-DC55-4F43-91C2-D90B1E0D4540}.Release|Any CPU.Build.0 = Release|Any CPU
		{B858EBF2-67BC-4A72-B653-DE489D39B162}.Debug|Any CPU.ActiveCfg = Debug|Any CPU
		{B858EBF2-67BC-4A72-B653-DE489D39B162}.Debug|Any CPU.Build.0 = Debug|Any CPU
		{B858EBF2-67BC-4A72-B653-DE489D39B162}.Release|Any CPU.ActiveCfg = Release|Any CPU
		{B858EBF2-67BC-4A72-B653-DE489D39B162}.Release|Any CPU.Build.0 = Release|Any CPU
		{CC99E34B-0A6C-48CD-A894-AD0B16E2C718}.Debug|Any CPU.ActiveCfg = Debug|Any CPU
		{CC99E34B-0A6C-48CD-A894-AD0B16E2C718}.Debug|Any CPU.Build.0 = Debug|Any CPU
		{CC99E34B-0A6C-48CD-A894-AD0B16E2C718}.Release|Any CPU.ActiveCfg = Release|Any CPU
		{CC99E34B-0A6C-48CD-A894-AD0B16E2C718}.Release|Any CPU.Build.0 = Release|Any CPU
		{6E3C3E44-578C-4D3A-8129-F5F7495E4FA2}.Debug|Any CPU.ActiveCfg = Debug|Any CPU
		{6E3C3E44-578C-4D3A-8129-F5F7495E4FA2}.Debug|Any CPU.Build.0 = Debug|Any CPU
		{6E3C3E44-578C-4D3A-8129-F5F7495E4FA2}.Release|Any CPU.ActiveCfg = Release|Any CPU
		{6E3C3E44-578C-4D3A-8129-F5F7495E4FA2}.Release|Any CPU.Build.0 = Release|Any CPU
	EndGlobalSection
	GlobalSection(SolutionProperties) = preSolution
		HideSolutionNode = FALSE
	EndGlobalSection
	GlobalSection(NestedProjects) = preSolution
		{C8778DB7-5882-47E4-8FE9-FAB6FE082169} = {6C0794D8-B8A5-497F-8DCA-153BAF27DCB9}
		{E74746B7-4ED8-4E1C-B690-636392DD06E5} = {6C0794D8-B8A5-497F-8DCA-153BAF27DCB9}
		{E2788E1E-1ED4-4CE7-B35D-69A494444FD7} = {6C0794D8-B8A5-497F-8DCA-153BAF27DCB9}
		{5C478B68-9230-47DA-98EC-226B5C52F444} = {6C0794D8-B8A5-497F-8DCA-153BAF27DCB9}
		{5C2F1C4F-19DE-4052-B8AF-FBEC6295A89A} = {6C0794D8-B8A5-497F-8DCA-153BAF27DCB9}
		{E9015ED0-C6F5-48A9-AF5A-5CBDE5F45EF2} = {F6A48940-963D-46B1-B06D-3C40BE0AA3DA}
		{34EC4DC8-A0D1-46DB-841C-A6640F1997E6} = {F6A48940-963D-46B1-B06D-3C40BE0AA3DA}
		{3131A74C-D8CF-4FE0-AD19-2C5DCFB6F43F} = {F6A48940-963D-46B1-B06D-3C40BE0AA3DA}
		{21706E00-8CA4-42AE-B209-339ECB49948C} = {F6A48940-963D-46B1-B06D-3C40BE0AA3DA}
		{F3C254DC-EB0D-4551-B0B0-A6BB8F434D5B} = {F6A48940-963D-46B1-B06D-3C40BE0AA3DA}
		{D6A15089-6D97-4A1C-8E26-454EBE5C4C74} = {F6A48940-963D-46B1-B06D-3C40BE0AA3DA}
		{034AD0DE-92DF-4749-8639-2740EA94AA49} = {F6A48940-963D-46B1-B06D-3C40BE0AA3DA}
		{11320D2F-06EC-4A26-8432-88E68FBE9AA1} = {F6A48940-963D-46B1-B06D-3C40BE0AA3DA}
		{72D9D5D8-7B76-454E-B3BD-B317B2782619} = {F6A48940-963D-46B1-B06D-3C40BE0AA3DA}
		{1BBEF254-000F-4886-A2EF-AE9E0CF311B4} = {F6A48940-963D-46B1-B06D-3C40BE0AA3DA}
		{5C796CF1-71B6-480C-8E00-A48B4B5E39A7} = {F6A48940-963D-46B1-B06D-3C40BE0AA3DA}
		{D0ABF49E-DC55-4F43-91C2-D90B1E0D4540} = {F6A48940-963D-46B1-B06D-3C40BE0AA3DA}
		{B858EBF2-67BC-4A72-B653-DE489D39B162} = {F6A48940-963D-46B1-B06D-3C40BE0AA3DA}
		{CC99E34B-0A6C-48CD-A894-AD0B16E2C718} = {F6A48940-963D-46B1-B06D-3C40BE0AA3DA}
		{6E3C3E44-578C-4D3A-8129-F5F7495E4FA2} = {F6A48940-963D-46B1-B06D-3C40BE0AA3DA}
	EndGlobalSection
EndGlobal
