
Microsoft Visual Studio Solution File, Format Version 12.00
Project("{FAE04EC0-301F-11D3-BF4B-00C04F79EFBC}") = "Übungsaufgabe Vererbung", "Übungsaufgabe Vererbung\Übungsaufgabe Vererbung.csproj", "{C8778DB7-5882-47E4-8FE9-FAB6FE082169}"
EndProject
Project("{FAE04EC0-301F-11D3-BF4B-00C04F79EFBC}") = "Übungsaufgabe Polymorphie", "Übungsaufgabe Polymorphie\Übungsaufgabe Polymorphie.csproj", "{E74746B7-4ED8-4E1C-B690-636392DD06E5}"
EndProject
Project("{FAE04EC0-301F-11D3-BF4B-00C04F79EFBC}") = "Typumwandlung von Objektvariablen", "Typumwandlung von Objektvariablen\Typumwandlung von Objektvariablen.csproj", "{E2788E1E-1ED4-4CE7-B35D-69A494444FD7}"
EndProject
Project("{FAE04EC0-301F-11D3-BF4B-00C04F79EFBC}") = "Handling Exceptions", "Handling Exceptions\Handling Exceptions.csproj", "{5C478B68-9230-47DA-98EC-226B5C52F444}"
EndProject
Project("{FAE04EC0-301F-11D3-BF4B-00C04F79EFBC}") = "Buchhaltungssoftware", "Buchhaltungssoftware\Buchhaltungssoftware.csproj", "{5C2F1C4F-19DE-4052-B8AF-FBEC6295A89A}"
EndProject
Global
	GlobalSection(SolutionConfigurationPlatforms) = preSolution
		Debug|Any CPU = Debug|Any CPU
		Release|Any CPU = Release|Any CPU
	EndGlobalSection
	GlobalSection(ProjectConfigurationPlatforms) = postSolution
		{C8778DB7-5882-47E4-8FE9-FAB6FE082169}.Debug|Any CPU.ActiveCfg = Debug|Any CPU
		{C8778DB7-5882-47E4-8FE9-FAB6FE082169}.Debug|Any CPU.Build.0 = Debug|Any CPU
		{C8778DB7-5882-47E4-8FE9-FAB6FE082169}.Release|Any CPU.ActiveCfg = Release|Any CPU
		{C8778DB7-5882-47E4-8FE9-FAB6FE082169}.Release|Any CPU.Build.0 = Release|Any CPU
		{E74746B7-4ED8-4E1C-B690-636392DD06E5}.Debug|Any CPU.ActiveCfg = Debug|Any CPU
		{E74746B7-4ED8-4E1C-B690-636392DD06E5}.Debug|Any CPU.Build.0 = Debug|Any CPU
		{E74746B7-4ED8-4E1C-B690-636392DD06E5}.Release|Any CPU.ActiveCfg = Release|Any CPU
		{E74746B7-4ED8-4E1C-B690-636392DD06E5}.Release|Any CPU.Build.0 = Release|Any CPU
		{E2788E1E-1ED4-4CE7-B35D-69A494444FD7}.Debug|Any CPU.ActiveCfg = Debug|Any CPU
		{E2788E1E-1ED4-4CE7-B35D-69A494444FD7}.Debug|Any CPU.Build.0 = Debug|Any CPU
		{E2788E1E-1ED4-4CE7-B35D-69A494444FD7}.Release|Any CPU.ActiveCfg = Release|Any CPU
		{E2788E1E-1ED4-4CE7-B35D-69A494444FD7}.Release|Any CPU.Build.0 = Release|Any CPU
		{5C478B68-9230-47DA-98EC-226B5C52F444}.Debug|Any CPU.ActiveCfg = Debug|Any CPU
		{5C478B68-9230-47DA-98EC-226B5C52F444}.Debug|Any CPU.Build.0 = Debug|Any CPU
		{5C478B68-9230-47DA-98EC-226B5C52F444}.Release|Any CPU.ActiveCfg = Release|Any CPU
		{5C478B68-9230-47DA-98EC-226B5C52F444}.Release|Any CPU.Build.0 = Release|Any CPU
		{5C2F1C4F-19DE-4052-B8AF-FBEC6295A89A}.Debug|Any CPU.ActiveCfg = Debug|Any CPU
		{5C2F1C4F-19DE-4052-B8AF-FBEC6295A89A}.Debug|Any CPU.Build.0 = Debug|Any CPU
		{5C2F1C4F-19DE-4052-B8AF-FBEC6295A89A}.Release|Any CPU.ActiveCfg = Release|Any CPU
		{5C2F1C4F-19DE-4052-B8AF-FBEC6295A89A}.Release|Any CPU.Build.0 = Release|Any CPU
	EndGlobalSection
EndGlobal
